
Microsoft Visual Studio Solution File, Format Version 12.00
# Visual Studio Version 17
VisualStudioVersion = 17.9.34622.214
MinimumVisualStudioVersion = 10.0.40219.1
Project("{9A19103F-16F7-4668-BE54-9A1E7A4F7556}") = "NorthWind.Entities", "NorthWind.Entities\NorthWind.Entities.csproj", "{F08B62BC-9647-49E7-8312-DAEB62BF41CB}"
EndProject
Project("{9A19103F-16F7-4668-BE54-9A1E7A4F7556}") = "NorthWind.ConsoleApp", "NorthWind.ConsoleApp\NorthWind.ConsoleApp.csproj", "{D4033617-0322-4DF9-ADF1-18496605298E}"
EndProject
Project("{9A19103F-16F7-4668-BE54-9A1E7A4F7556}") = "NorthWind.Writers", "NorthWind.Writers\NorthWind.Writers.csproj", "{B7446196-C51F-402D-8978-9D2C1D0B0371}"
EndProject
Project("{9A19103F-16F7-4668-BE54-9A1E7A4F7556}") = "NorthWind.IoC", "NorthWind.IoC\NorthWind.IoC.csproj", "{64400FCC-84F1-4F60-8246-EA5124F74F4B}"
EndProject
Project("{FAE04EC0-301F-11D3-BF4B-00C04F79EFBC}") = "NorthWind.Core", "NorthWind.Core\NorthWind.Core.csproj", "{D0BFA778-73B6-4639-B9C3-646BDDFAF973}"
EndProject
Global
	GlobalSection(SolutionConfigurationPlatforms) = preSolution
		Debug|Any CPU = Debug|Any CPU
		Release|Any CPU = Release|Any CPU
	EndGlobalSection
	GlobalSection(ProjectConfigurationPlatforms) = postSolution
		{F08B62BC-9647-49E7-8312-DAEB62BF41CB}.Debug|Any CPU.ActiveCfg = Debug|Any CPU
		{F08B62BC-9647-49E7-8312-DAEB62BF41CB}.Debug|Any CPU.Build.0 = Debug|Any CPU
		{F08B62BC-9647-49E7-8312-DAEB62BF41CB}.Release|Any CPU.ActiveCfg = Release|Any CPU
		{F08B62BC-9647-49E7-8312-DAEB62BF41CB}.Release|Any CPU.Build.0 = Release|Any CPU
		{D4033617-0322-4DF9-ADF1-18496605298E}.Debug|Any CPU.ActiveCfg = Debug|Any CPU
		{D4033617-0322-4DF9-ADF1-18496605298E}.Debug|Any CPU.Build.0 = Debug|Any CPU
		{D4033617-0322-4DF9-ADF1-18496605298E}.Release|Any CPU.ActiveCfg = Release|Any CPU
		{D4033617-0322-4DF9-ADF1-18496605298E}.Release|Any CPU.Build.0 = Release|Any CPU
		{B7446196-C51F-402D-8978-9D2C1D0B0371}.Debug|Any CPU.ActiveCfg = Debug|Any CPU
		{B7446196-C51F-402D-8978-9D2C1D0B0371}.Debug|Any CPU.Build.0 = Debug|Any CPU
		{B7446196-C51F-402D-8978-9D2C1D0B0371}.Release|Any CPU.ActiveCfg = Release|Any CPU
		{B7446196-C51F-402D-8978-9D2C1D0B0371}.Release|Any CPU.Build.0 = Release|Any CPU
		{64400FCC-84F1-4F60-8246-EA5124F74F4B}.Debug|Any CPU.ActiveCfg = Debug|Any CPU
		{64400FCC-84F1-4F60-8246-EA5124F74F4B}.Debug|Any CPU.Build.0 = Debug|Any CPU
		{64400FCC-84F1-4F60-8246-EA5124F74F4B}.Release|Any CPU.ActiveCfg = Release|Any CPU
		{64400FCC-84F1-4F60-8246-EA5124F74F4B}.Release|Any CPU.Build.0 = Release|Any CPU
		{D0BFA778-73B6-4639-B9C3-646BDDFAF973}.Debug|Any CPU.ActiveCfg = Debug|Any CPU
		{D0BFA778-73B6-4639-B9C3-646BDDFAF973}.Debug|Any CPU.Build.0 = Debug|Any CPU
		{D0BFA778-73B6-4639-B9C3-646BDDFAF973}.Release|Any CPU.ActiveCfg = Release|Any CPU
		{D0BFA778-73B6-4639-B9C3-646BDDFAF973}.Release|Any CPU.Build.0 = Release|Any CPU
	EndGlobalSection
	GlobalSection(SolutionProperties) = preSolution
		HideSolutionNode = FALSE
	EndGlobalSection
	GlobalSection(ExtensibilityGlobals) = postSolution
		SolutionGuid = {A5441454-0C5B-4D3D-8853-64CF7BC442F1}
	EndGlobalSection
EndGlobal
